// !$*UTF8*$!
{
	archiveVersion = 1;
	classes = {
	};
	objectVersion = 46;
	objects = {

/* Begin PBXBuildFile section */
		37DFF7181C58A232008D1DFF /* main.m in Sources */ = {isa = PBXBuildFile; fileRef = 37DFF7171C58A232008D1DFF /* main.m */; };
		37DFF71B1C58A232008D1DFF /* AppDelegate.m in Sources */ = {isa = PBXBuildFile; fileRef = 37DFF71A1C58A232008D1DFF /* AppDelegate.m */; };
		37DFF71E1C58A232008D1DFF /* ViewController.m in Sources */ = {isa = PBXBuildFile; fileRef = 37DFF71D1C58A232008D1DFF /* ViewController.m */; };
		37DFF7211C58A232008D1DFF /* Main.storyboard in Resources */ = {isa = PBXBuildFile; fileRef = 37DFF71F1C58A232008D1DFF /* Main.storyboard */; };
		37DFF7231C58A232008D1DFF /* Assets.xcassets in Resources */ = {isa = PBXBuildFile; fileRef = 37DFF7221C58A232008D1DFF /* Assets.xcassets */; };
		37DFF7261C58A232008D1DFF /* LaunchScreen.storyboard in Resources */ = {isa = PBXBuildFile; fileRef = 37DFF7241C58A232008D1DFF /* LaunchScreen.storyboard */; };
		37DFF7351C58A325008D1DFF /* Decoder.swift in Sources */ = {isa = PBXBuildFile; fileRef = 37DFF72E1C58A325008D1DFF /* Decoder.swift */; };
		37DFF7361C58A325008D1DFF /* Dictionary.swift in Sources */ = {isa = PBXBuildFile; fileRef = 37DFF72F1C58A325008D1DFF /* Dictionary.swift */; };
		37DFF7371C58A325008D1DFF /* Encoder.swift in Sources */ = {isa = PBXBuildFile; fileRef = 37DFF7301C58A325008D1DFF /* Encoder.swift */; };
		37DFF7381C58A325008D1DFF /* Gloss.swift in Sources */ = {isa = PBXBuildFile; fileRef = 37DFF7321C58A325008D1DFF /* Gloss.swift */; };
		37DFF7391C58A325008D1DFF /* Info.plist in Resources */ = {isa = PBXBuildFile; fileRef = 37DFF7331C58A325008D1DFF /* Info.plist */; };
		37DFF73A1C58A325008D1DFF /* Operators.swift in Sources */ = {isa = PBXBuildFile; fileRef = 37DFF7341C58A325008D1DFF /* Operators.swift */; };
		37DFF7411C58A37D008D1DFF /* Post.swift in Sources */ = {isa = PBXBuildFile; fileRef = 37DFF7401C58A37D008D1DFF /* Post.swift */; };
/* End PBXBuildFile section */

/* Begin PBXFileReference section */
		37DFF7131C58A232008D1DFF /* GlossTest.app */ = {isa = PBXFileReference; explicitFileType = wrapper.application; includeInIndex = 0; path = GlossTest.app; sourceTree = BUILT_PRODUCTS_DIR; };
		37DFF7171C58A232008D1DFF /* main.m */ = {isa = PBXFileReference; lastKnownFileType = sourcecode.c.objc; path = main.m; sourceTree = "<group>"; };
		37DFF7191C58A232008D1DFF /* AppDelegate.h */ = {isa = PBXFileReference; lastKnownFileType = sourcecode.c.h; path = AppDelegate.h; sourceTree = "<group>"; };
		37DFF71A1C58A232008D1DFF /* AppDelegate.m */ = {isa = PBXFileReference; lastKnownFileType = sourcecode.c.objc; path = AppDelegate.m; sourceTree = "<group>"; };
		37DFF71C1C58A232008D1DFF /* ViewController.h */ = {isa = PBXFileReference; lastKnownFileType = sourcecode.c.h; path = ViewController.h; sourceTree = "<group>"; };
		37DFF71D1C58A232008D1DFF /* ViewController.m */ = {isa = PBXFileReference; lastKnownFileType = sourcecode.c.objc; path = ViewController.m; sourceTree = "<group>"; };
		37DFF7201C58A232008D1DFF /* Base */ = {isa = PBXFileReference; lastKnownFileType = file.storyboard; name = Base; path = Base.lproj/Main.storyboard; sourceTree = "<group>"; };
		37DFF7221C58A232008D1DFF /* Assets.xcassets */ = {isa = PBXFileReference; lastKnownFileType = folder.assetcatalog; path = Assets.xcassets; sourceTree = "<group>"; };
		37DFF7251C58A232008D1DFF /* Base */ = {isa = PBXFileReference; lastKnownFileType = file.storyboard; name = Base; path = Base.lproj/LaunchScreen.storyboard; sourceTree = "<group>"; };
		37DFF7271C58A232008D1DFF /* Info.plist */ = {isa = PBXFileReference; lastKnownFileType = text.plist.xml; path = Info.plist; sourceTree = "<group>"; };
		37DFF72E1C58A325008D1DFF /* Decoder.swift */ = {isa = PBXFileReference; fileEncoding = 4; lastKnownFileType = sourcecode.swift; path = Decoder.swift; sourceTree = "<group>"; };
		37DFF72F1C58A325008D1DFF /* Dictionary.swift */ = {isa = PBXFileReference; fileEncoding = 4; lastKnownFileType = sourcecode.swift; path = Dictionary.swift; sourceTree = "<group>"; };
		37DFF7301C58A325008D1DFF /* Encoder.swift */ = {isa = PBXFileReference; fileEncoding = 4; lastKnownFileType = sourcecode.swift; path = Encoder.swift; sourceTree = "<group>"; };
		37DFF7311C58A325008D1DFF /* Gloss.h */ = {isa = PBXFileReference; fileEncoding = 4; lastKnownFileType = sourcecode.c.h; path = Gloss.h; sourceTree = "<group>"; };
		37DFF7321C58A325008D1DFF /* Gloss.swift */ = {isa = PBXFileReference; fileEncoding = 4; lastKnownFileType = sourcecode.swift; path = Gloss.swift; sourceTree = "<group>"; };
		37DFF7331C58A325008D1DFF /* Info.plist */ = {isa = PBXFileReference; fileEncoding = 4; lastKnownFileType = text.plist.xml; path = Info.plist; sourceTree = "<group>"; };
		37DFF7341C58A325008D1DFF /* Operators.swift */ = {isa = PBXFileReference; fileEncoding = 4; lastKnownFileType = sourcecode.swift; path = Operators.swift; sourceTree = "<group>"; };
		37DFF7401C58A37D008D1DFF /* Post.swift */ = {isa = PBXFileReference; fileEncoding = 4; lastKnownFileType = sourcecode.swift; path = Post.swift; sourceTree = "<group>"; };
		37DFF7421C58AD33008D1DFF /* GlossTest-Bridging-Header.h */ = {isa = PBXFileReference; lastKnownFileType = sourcecode.c.h; path = "GlossTest-Bridging-Header.h"; sourceTree = "<group>"; };
/* End PBXFileReference section */

/* Begin PBXFrameworksBuildPhase section */
		37DFF7101C58A232008D1DFF /* Frameworks */ = {
			isa = PBXFrameworksBuildPhase;
			buildActionMask = 2147483647;
			files = (
			);
			runOnlyForDeploymentPostprocessing = 0;
		};
/* End PBXFrameworksBuildPhase section */

/* Begin PBXGroup section */
		37DFF70A1C58A232008D1DFF = {
			isa = PBXGroup;
			children = (
				37DFF7151C58A232008D1DFF /* GlossTest */,
				37DFF7141C58A232008D1DFF /* Products */,
			);
			sourceTree = "<group>";
		};
		37DFF7141C58A232008D1DFF /* Products */ = {
			isa = PBXGroup;
			children = (
				37DFF7131C58A232008D1DFF /* GlossTest.app */,
			);
			name = Products;
			sourceTree = "<group>";
		};
		37DFF7151C58A232008D1DFF /* GlossTest */ = {
			isa = PBXGroup;
			children = (
				37DFF72D1C58A325008D1DFF /* Gloss */,
				37DFF7191C58A232008D1DFF /* AppDelegate.h */,
				37DFF71A1C58A232008D1DFF /* AppDelegate.m */,
				37DFF71C1C58A232008D1DFF /* ViewController.h */,
				37DFF71D1C58A232008D1DFF /* ViewController.m */,
				37DFF7401C58A37D008D1DFF /* Post.swift */,
				37DFF7421C58AD33008D1DFF /* GlossTest-Bridging-Header.h */,
				37DFF71F1C58A232008D1DFF /* Main.storyboard */,
				37DFF7221C58A232008D1DFF /* Assets.xcassets */,
				37DFF7241C58A232008D1DFF /* LaunchScreen.storyboard */,
				37DFF7271C58A232008D1DFF /* Info.plist */,
				37DFF7161C58A232008D1DFF /* Supporting Files */,
			);
			path = GlossTest;
			sourceTree = "<group>";
		};
		37DFF7161C58A232008D1DFF /* Supporting Files */ = {
			isa = PBXGroup;
			children = (
				37DFF7171C58A232008D1DFF /* main.m */,
			);
			name = "Supporting Files";
			sourceTree = "<group>";
		};
		37DFF72D1C58A325008D1DFF /* Gloss */ = {
			isa = PBXGroup;
			children = (
				37DFF72E1C58A325008D1DFF /* Decoder.swift */,
				37DFF72F1C58A325008D1DFF /* Dictionary.swift */,
				37DFF7301C58A325008D1DFF /* Encoder.swift */,
				37DFF7311C58A325008D1DFF /* Gloss.h */,
				37DFF7321C58A325008D1DFF /* Gloss.swift */,
				37DFF7331C58A325008D1DFF /* Info.plist */,
				37DFF7341C58A325008D1DFF /* Operators.swift */,
			);
			path = Gloss;
			sourceTree = "<group>";
		};
/* End PBXGroup section */

/* Begin PBXNativeTarget section */
		37DFF7121C58A232008D1DFF /* GlossTest */ = {
			isa = PBXNativeTarget;
			buildConfigurationList = 37DFF72A1C58A232008D1DFF /* Build configuration list for PBXNativeTarget "GlossTest" */;
			buildPhases = (
				37DFF70F1C58A232008D1DFF /* Sources */,
				37DFF7101C58A232008D1DFF /* Frameworks */,
				37DFF7111C58A232008D1DFF /* Resources */,
			);
			buildRules = (
			);
			dependencies = (
			);
			name = GlossTest;
			productName = GlossTest;
			productReference = 37DFF7131C58A232008D1DFF /* GlossTest.app */;
			productType = "com.apple.product-type.application";
		};
/* End PBXNativeTarget section */

/* Begin PBXProject section */
		37DFF70B1C58A232008D1DFF /* Project object */ = {
			isa = PBXProject;
			attributes = {
				LastUpgradeCheck = 0720;
				ORGANIZATIONNAME = abc;
				TargetAttributes = {
					37DFF7121C58A232008D1DFF = {
						CreatedOnToolsVersion = 7.2;
					};
				};
			};
			buildConfigurationList = 37DFF70E1C58A232008D1DFF /* Build configuration list for PBXProject "GlossTest" */;
			compatibilityVersion = "Xcode 3.2";
			developmentRegion = English;
			hasScannedForEncodings = 0;
			knownRegions = (
				en,
				Base,
			);
			mainGroup = 37DFF70A1C58A232008D1DFF;
			productRefGroup = 37DFF7141C58A232008D1DFF /* Products */;
			projectDirPath = "";
			projectRoot = "";
			targets = (
				37DFF7121C58A232008D1DFF /* GlossTest */,
			);
		};
/* End PBXProject section */

/* Begin PBXResourcesBuildPhase section */
		37DFF7111C58A232008D1DFF /* Resources */ = {
			isa = PBXResourcesBuildPhase;
			buildActionMask = 2147483647;
			files = (
				37DFF7391C58A325008D1DFF /* Info.plist in Resources */,
				37DFF7261C58A232008D1DFF /* LaunchScreen.storyboard in Resources */,
				37DFF7231C58A232008D1DFF /* Assets.xcassets in Resources */,
				37DFF7211C58A232008D1DFF /* Main.storyboard in Resources */,
			);
			runOnlyForDeploymentPostprocessing = 0;
		};
/* End PBXResourcesBuildPhase section */

/* Begin PBXSourcesBuildPhase section */
		37DFF70F1C58A232008D1DFF /* Sources */ = {
			isa = PBXSourcesBuildPhase;
			buildActionMask = 2147483647;
			files = (
				37DFF71E1C58A232008D1DFF /* ViewController.m in Sources */,
				37DFF73A1C58A325008D1DFF /* Operators.swift in Sources */,
				37DFF7381C58A325008D1DFF /* Gloss.swift in Sources */,
				37DFF7361C58A325008D1DFF /* Dictionary.swift in Sources */,
				37DFF7371C58A325008D1DFF /* Encoder.swift in Sources */,
				37DFF71B1C58A232008D1DFF /* AppDelegate.m in Sources */,
				37DFF7411C58A37D008D1DFF /* Post.swift in Sources */,
				37DFF7351C58A325008D1DFF /* Decoder.swift in Sources */,
				37DFF7181C58A232008D1DFF /* main.m in Sources */,
			);
			runOnlyForDeploymentPostprocessing = 0;
		};
/* End PBXSourcesBuildPhase section */

/* Begin PBXVariantGroup section */
		37DFF71F1C58A232008D1DFF /* Main.storyboard */ = {
			isa = PBXVariantGroup;
			children = (
				37DFF7201C58A232008D1DFF /* Base */,
			);
			name = Main.storyboard;
			sourceTree = "<group>";
		};
		37DFF7241C58A232008D1DFF /* LaunchScreen.storyboard */ = {
			isa = PBXVariantGroup;
			children = (
				37DFF7251C58A232008D1DFF /* Base */,
			);
			name = LaunchScreen.storyboard;
			sourceTree = "<group>";
		};
/* End PBXVariantGroup section */

/* Begin XCBuildConfiguration section */
		37DFF7281C58A232008D1DFF /* Debug */ = {
			isa = XCBuildConfiguration;
			buildSettings = {
				ALWAYS_SEARCH_USER_PATHS = NO;
				CLANG_CXX_LANGUAGE_STANDARD = "gnu++0x";
				CLANG_CXX_LIBRARY = "libc++";
				CLANG_ENABLE_MODULES = YES;
				CLANG_ENABLE_OBJC_ARC = YES;
				CLANG_WARN_BOOL_CONVERSION = YES;
				CLANG_WARN_CONSTANT_CONVERSION = YES;
				CLANG_WARN_DIRECT_OBJC_ISA_USAGE = YES_ERROR;
				CLANG_WARN_EMPTY_BODY = YES;
				CLANG_WARN_ENUM_CONVERSION = YES;
				CLANG_WARN_INT_CONVERSION = YES;
				CLANG_WARN_OBJC_ROOT_CLASS = YES_ERROR;
				CLANG_WARN_UNREACHABLE_CODE = YES;
				CLANG_WARN__DUPLICATE_METHOD_MATCH = YES;
				"CODE_SIGN_IDENTITY[sdk=iphoneos*]" = "iPhone Developer";
				COPY_PHASE_STRIP = NO;
				DEBUG_INFORMATION_FORMAT = dwarf;
				ENABLE_STRICT_OBJC_MSGSEND = YES;
				ENABLE_TESTABILITY = YES;
				GCC_C_LANGUAGE_STANDARD = gnu99;
				GCC_DYNAMIC_NO_PIC = NO;
				GCC_NO_COMMON_BLOCKS = YES;
				GCC_OPTIMIZATION_LEVEL = 0;
				GCC_PREPROCESSOR_DEFINITIONS = (
					"DEBUG=1",
					"$(inherited)",
				);
				GCC_WARN_64_TO_32_BIT_CONVERSION = YES;
				GCC_WARN_ABOUT_RETURN_TYPE = YES_ERROR;
				GCC_WARN_UNDECLARED_SELECTOR = YES;
				GCC_WARN_UNINITIALIZED_AUTOS = YES_AGGRESSIVE;
				GCC_WARN_UNUSED_FUNCTION = YES;
				GCC_WARN_UNUSED_VARIABLE = YES;
				IPHONEOS_DEPLOYMENT_TARGET = 9.2;
				MTL_ENABLE_DEBUG_INFO = YES;
				ONLY_ACTIVE_ARCH = YES;
				SDKROOT = iphoneos;
				TARGETED_DEVICE_FAMILY = "1,2";
			};
			name = Debug;
		};
		37DFF7291C58A232008D1DFF /* Release */ = {
			isa = XCBuildConfiguration;
			buildSettings = {
				ALWAYS_SEARCH_USER_PATHS = NO;
				CLANG_CXX_LANGUAGE_STANDARD = "gnu++0x";
				CLANG_CXX_LIBRARY = "libc++";
				CLANG_ENABLE_MODULES = YES;
				CLANG_ENABLE_OBJC_ARC = YES;
				CLANG_WARN_BOOL_CONVERSION = YES;
				CLANG_WARN_CONSTANT_CONVERSION = YES;
				CLANG_WARN_DIRECT_OBJC_ISA_USAGE = YES_ERROR;
				CLANG_WARN_EMPTY_BODY = YES;
				CLANG_WARN_ENUM_CONVERSION = YES;
				CLANG_WARN_INT_CONVERSION = YES;
				CLANG_WARN_OBJC_ROOT_CLASS = YES_ERROR;
				CLANG_WARN_UNREACHABLE_CODE = YES;
				CLANG_WARN__DUPLICATE_METHOD_MATCH = YES;
				"CODE_SIGN_IDENTITY[sdk=iphoneos*]" = "iPhone Developer";
				COPY_PHASE_STRIP = NO;
				DEBUG_INFORMATION_FORMAT = "dwarf-with-dsym";
				ENABLE_NS_ASSERTIONS = NO;
				ENABLE_STRICT_OBJC_MSGSEND = YES;
				GCC_C_LANGUAGE_STANDARD = gnu99;
				GCC_NO_COMMON_BLOCKS = YES;
				GCC_WARN_64_TO_32_BIT_CONVERSION = YES;
				GCC_WARN_ABOUT_RETURN_TYPE = YES_ERROR;
				GCC_WARN_UNDECLARED_SELECTOR = YES;
				GCC_WARN_UNINITIALIZED_AUTOS = YES_AGGRESSIVE;
				GCC_WARN_UNUSED_FUNCTION = YES;
				GCC_WARN_UNUSED_VARIABLE = YES;
				IPHONEOS_DEPLOYMENT_TARGET = 9.2;
				MTL_ENABLE_DEBUG_INFO = NO;
				SDKROOT = iphoneos;
				TARGETED_DEVICE_FAMILY = "1,2";
				VALIDATE_PRODUCT = YES;
			};
			name = Release;
		};
		37DFF72B1C58A232008D1DFF /* Debug */ = {
			isa = XCBuildConfiguration;
			buildSettings = {
				ASSETCATALOG_COMPILER_APPICON_NAME = AppIcon;
				EMBEDDED_CONTENT_CONTAINS_SWIFT = YES;
				INFOPLIST_FILE = GlossTest/Info.plist;
				LD_RUNPATH_SEARCH_PATHS = "$(inherited) @executable_path/Frameworks";
				PRODUCT_BUNDLE_IDENTIFIER = abc.GlossTest;
				PRODUCT_NAME = "$(TARGET_NAME)";
				SWIFT_OBJC_BRIDGING_HEADER = "GlossTest/GlossTest-Bridging-Header.h";
			};
			name = Debug;
		};
		37DFF72C1C58A232008D1DFF /* Release */ = {
			isa = XCBuildConfiguration;
			buildSettings = {
				ASSETCATALOG_COMPILER_APPICON_NAME = AppIcon;
				EMBEDDED_CONTENT_CONTAINS_SWIFT = YES;
				INFOPLIST_FILE = GlossTest/Info.plist;
				LD_RUNPATH_SEARCH_PATHS = "$(inherited) @executable_path/Frameworks";
				PRODUCT_BUNDLE_IDENTIFIER = abc.GlossTest;
				PRODUCT_NAME = "$(TARGET_NAME)";
				SWIFT_OBJC_BRIDGING_HEADER = "GlossTest/GlossTest-Bridging-Header.h";
			};
			name = Release;
		};
/* End XCBuildConfiguration section */

/* Begin XCConfigurationList section */
		37DFF70E1C58A232008D1DFF /* Build configuration list for PBXProject "GlossTest" */ = {
			isa = XCConfigurationList;
			buildConfigurations = (
				37DFF7281C58A232008D1DFF /* Debug */,
				37DFF7291C58A232008D1DFF /* Release */,
			);
			defaultConfigurationIsVisible = 0;
			defaultConfigurationName = Release;
		};
		37DFF72A1C58A232008D1DFF /* Build configuration list for PBXNativeTarget "GlossTest" */ = {
			isa = XCConfigurationList;
			buildConfigurations = (
				37DFF72B1C58A232008D1DFF /* Debug */,
				37DFF72C1C58A232008D1DFF /* Release */,
			);
			defaultConfigurationIsVisible = 0;
			defaultConfigurationName = Release;
		};
/* End XCConfigurationList section */
	};
	rootObject = 37DFF70B1C58A232008D1DFF /* Project object */;
}
